
Microsoft Visual Studio Solution File, Format Version 12.00
# Visual Studio Version 17
VisualStudioVersion = 17.4.33110.190
MinimumVisualStudioVersion = 10.0.40219.1
Project("{FAE04EC0-301F-11D3-BF4B-00C04F79EFBC}") = "BLL", "BLL\BLL.csproj", "{E972B491-57F5-48A8-BE25-ABBC8D20CE50}"
EndProject
Project("{FAE04EC0-301F-11D3-BF4B-00C04F79EFBC}") = "DAL", "DAL\DAL.csproj", "{45E6E309-07D8-4B56-833A-41A6B21EC5DA}"
EndProject
Project("{FAE04EC0-301F-11D3-BF4B-00C04F79EFBC}") = "ENTITY", "ENTITY\ENTITY.csproj", "{97FD4158-250E-4082-B696-04A63F4053F9}"
EndProject
Project("{FAE04EC0-301F-11D3-BF4B-00C04F79EFBC}") = "Presentacion", "Presentacion\Presentacion.csproj", "{91597FDA-180B-4260-969D-9C42290DE670}"
EndProject
Global
	GlobalSection(SolutionConfigurationPlatforms) = preSolution
		Debug|Any CPU = Debug|Any CPU
		Release|Any CPU = Release|Any CPU
	EndGlobalSection
	GlobalSection(ProjectConfigurationPlatforms) = postSolution
		{E972B491-57F5-48A8-BE25-ABBC8D20CE50}.Debug|Any CPU.ActiveCfg = Debug|Any CPU
		{E972B491-57F5-48A8-BE25-ABBC8D20CE50}.Debug|Any CPU.Build.0 = Debug|Any CPU
		{E972B491-57F5-48A8-BE25-ABBC8D20CE50}.Release|Any CPU.ActiveCfg = Release|Any CPU
		{E972B491-57F5-48A8-BE25-ABBC8D20CE50}.Release|Any CPU.Build.0 = Release|Any CPU
		{45E6E309-07D8-4B56-833A-41A6B21EC5DA}.Debug|Any CPU.ActiveCfg = Debug|Any CPU
		{45E6E309-07D8-4B56-833A-41A6B21EC5DA}.Debug|Any CPU.Build.0 = Debug|Any CPU
		{45E6E309-07D8-4B56-833A-41A6B21EC5DA}.Release|Any CPU.ActiveCfg = Release|Any CPU
		{45E6E309-07D8-4B56-833A-41A6B21EC5DA}.Release|Any CPU.Build.0 = Release|Any CPU
		{97FD4158-250E-4082-B696-04A63F4053F9}.Debug|Any CPU.ActiveCfg = Debug|Any CPU
		{97FD4158-250E-4082-B696-04A63F4053F9}.Debug|Any CPU.Build.0 = Debug|Any CPU
		{97FD4158-250E-4082-B696-04A63F4053F9}.Release|Any CPU.ActiveCfg = Release|Any CPU
		{97FD4158-250E-4082-B696-04A63F4053F9}.Release|Any CPU.Build.0 = Release|Any CPU
		{91597FDA-180B-4260-969D-9C42290DE670}.Debug|Any CPU.ActiveCfg = Debug|Any CPU
		{91597FDA-180B-4260-969D-9C42290DE670}.Debug|Any CPU.Build.0 = Debug|Any CPU
		{91597FDA-180B-4260-969D-9C42290DE670}.Release|Any CPU.ActiveCfg = Release|Any CPU
		{91597FDA-180B-4260-969D-9C42290DE670}.Release|Any CPU.Build.0 = Release|Any CPU
	EndGlobalSection
	GlobalSection(SolutionProperties) = preSolution
		HideSolutionNode = FALSE
	EndGlobalSection
	GlobalSection(ExtensibilityGlobals) = postSolution
		SolutionGuid = {CD23821A-1325-4946-89D5-FEC6D5539166}
	EndGlobalSection
EndGlobal
